
Microsoft Visual Studio Solution File, Format Version 12.00
# Visual Studio Version 17
VisualStudioVersion = 17.9.34622.214
MinimumVisualStudioVersion = 10.0.40219.1
Project("{9A19103F-16F7-4668-BE54-9A1E7A4F7556}") = "BackendZapateria", "BackendZapateria\BackendZapateria.csproj", "{EC6103E4-3EC7-4C6A-8F87-5B1CC216E451}"
EndProject
Project("{2150E333-8FDC-42A3-9474-1A3956D46DE8}") = "01 Apis", "01 Apis", "{9D3D7EC0-D034-4087-BE3B-8AB186E1094B}"
EndProject
Project("{2150E333-8FDC-42A3-9474-1A3956D46DE8}") = "02 Bussniess", "02 Bussniess", "{07DA98CD-DA42-4CD3-942F-F82A883A9AC2}"
EndProject
Project("{2150E333-8FDC-42A3-9474-1A3956D46DE8}") = "03 Service", "03 Service", "{7EB5AB9A-243C-4EE3-A9B5-3116D45DADD3}"
EndProject
Project("{2150E333-8FDC-42A3-9474-1A3956D46DE8}") = "04 Repository", "04 Repository", "{07ABDC2B-A03A-414B-813A-D595683F2FE2}"
EndProject
Project("{2150E333-8FDC-42A3-9474-1A3956D46DE8}") = "05 Model", "05 Model", "{5AD07E58-6AC2-41A1-A2D3-0C40047AFF3F}"
EndProject
Project("{2150E333-8FDC-42A3-9474-1A3956D46DE8}") = "06 Utility", "06 Utility", "{1DA83FA8-E224-4A8A-9568-BF8B3703B229}"
EndProject
Project("{2150E333-8FDC-42A3-9474-1A3956D46DE8}") = "07 Document", "07 Document", "{FFC3F6D7-57C6-4D56-833C-E1A4CB29383D}"
EndProject
Project("{9A19103F-16F7-4668-BE54-9A1E7A4F7556}") = "IBussniess", "IService\IBussniess.csproj", "{641E0B1B-F969-473D-B5D3-339FDACFB059}"
EndProject
Project("{9A19103F-16F7-4668-BE54-9A1E7A4F7556}") = "Bussniess", "Service\Bussniess.csproj", "{B9F2FB90-C7BA-43FA-A494-64CD907EA3D8}"
EndProject
Project("{9A19103F-16F7-4668-BE54-9A1E7A4F7556}") = "InService", "InService\InService.csproj", "{6BAA5A06-F4F9-42A0-9DE9-D8A85C725143}"
EndProject
Project("{9A19103F-16F7-4668-BE54-9A1E7A4F7556}") = "Servic", "Servic\Servic.csproj", "{8713B3B7-1354-43CC-96F6-CB01FA82D6B4}"
EndProject
Project("{9A19103F-16F7-4668-BE54-9A1E7A4F7556}") = "IRepository", "IRepository\IRepository.csproj", "{948E078C-AD87-4BAF-AFFC-AEEFACD8D75A}"
EndProject
Project("{9A19103F-16F7-4668-BE54-9A1E7A4F7556}") = "Repositori", "Repositori\Repositori.csproj", "{63456A81-9E75-4364-A693-B419C448197D}"
EndProject
Project("{9A19103F-16F7-4668-BE54-9A1E7A4F7556}") = "DBModelZapateria", "DBModelZapateria\DBModelZapateria.csproj", "{D02DFD9C-97E9-4B20-9ECD-63FC443E194C}"
EndProject
Project("{9A19103F-16F7-4668-BE54-9A1E7A4F7556}") = "ConmomModel", "ConmomModel\ConmomModel.csproj", "{B72E8FE2-362D-4B09-B843-B28BA8A18EF3}"
EndProject
Project("{9A19103F-16F7-4668-BE54-9A1E7A4F7556}") = "UtilitySecuriry", "UtilitySecuriry\UtilitySecuriry.csproj", "{F9AD4623-F45A-4D6D-8631-CCD784899E1B}"
EndProject
Project("{9A19103F-16F7-4668-BE54-9A1E7A4F7556}") = "UtilityAutoMapper", "UtilityAutoMapper\UtilityAutoMapper.csproj", "{F9673BBC-C6A7-4F62-9795-618FDEF05062}"
EndProject
Project("{9A19103F-16F7-4668-BE54-9A1E7A4F7556}") = "UtilExcel", "UtilExcel\UtilExcel.csproj", "{85B6C515-8D6B-4088-9A32-9FB1C5906B75}"
EndProject
Project("{9A19103F-16F7-4668-BE54-9A1E7A4F7556}") = "UtilPdf", "UtilPdf\UtilPdf.csproj", "{9D8D7B07-01AA-4899-AA9F-EF83B301BB62}"
EndProject
Project("{FAE04EC0-301F-11D3-BF4B-00C04F79EFBC}") = "RequestRespons", "RequestRespons\RequestRespons.csproj", "{699C0536-C6B9-4349-BD90-A84180073AFC}"
EndProject
Global
	GlobalSection(SolutionConfigurationPlatforms) = preSolution
		Debug|Any CPU = Debug|Any CPU
		Release|Any CPU = Release|Any CPU
	EndGlobalSection
	GlobalSection(ProjectConfigurationPlatforms) = postSolution
		{EC6103E4-3EC7-4C6A-8F87-5B1CC216E451}.Debug|Any CPU.ActiveCfg = Debug|Any CPU
		{EC6103E4-3EC7-4C6A-8F87-5B1CC216E451}.Debug|Any CPU.Build.0 = Debug|Any CPU
		{EC6103E4-3EC7-4C6A-8F87-5B1CC216E451}.Release|Any CPU.ActiveCfg = Release|Any CPU
		{EC6103E4-3EC7-4C6A-8F87-5B1CC216E451}.Release|Any CPU.Build.0 = Release|Any CPU
		{641E0B1B-F969-473D-B5D3-339FDACFB059}.Debug|Any CPU.ActiveCfg = Debug|Any CPU
		{641E0B1B-F969-473D-B5D3-339FDACFB059}.Debug|Any CPU.Build.0 = Debug|Any CPU
		{641E0B1B-F969-473D-B5D3-339FDACFB059}.Release|Any CPU.ActiveCfg = Release|Any CPU
		{641E0B1B-F969-473D-B5D3-339FDACFB059}.Release|Any CPU.Build.0 = Release|Any CPU
		{B9F2FB90-C7BA-43FA-A494-64CD907EA3D8}.Debug|Any CPU.ActiveCfg = Debug|Any CPU
		{B9F2FB90-C7BA-43FA-A494-64CD907EA3D8}.Debug|Any CPU.Build.0 = Debug|Any CPU
		{B9F2FB90-C7BA-43FA-A494-64CD907EA3D8}.Release|Any CPU.ActiveCfg = Release|Any CPU
		{B9F2FB90-C7BA-43FA-A494-64CD907EA3D8}.Release|Any CPU.Build.0 = Release|Any CPU
		{6BAA5A06-F4F9-42A0-9DE9-D8A85C725143}.Debug|Any CPU.ActiveCfg = Debug|Any CPU
		{6BAA5A06-F4F9-42A0-9DE9-D8A85C725143}.Debug|Any CPU.Build.0 = Debug|Any CPU
		{6BAA5A06-F4F9-42A0-9DE9-D8A85C725143}.Release|Any CPU.ActiveCfg = Release|Any CPU
		{6BAA5A06-F4F9-42A0-9DE9-D8A85C725143}.Release|Any CPU.Build.0 = Release|Any CPU
		{8713B3B7-1354-43CC-96F6-CB01FA82D6B4}.Debug|Any CPU.ActiveCfg = Debug|Any CPU
		{8713B3B7-1354-43CC-96F6-CB01FA82D6B4}.Debug|Any CPU.Build.0 = Debug|Any CPU
		{8713B3B7-1354-43CC-96F6-CB01FA82D6B4}.Release|Any CPU.ActiveCfg = Release|Any CPU
		{8713B3B7-1354-43CC-96F6-CB01FA82D6B4}.Release|Any CPU.Build.0 = Release|Any CPU
		{948E078C-AD87-4BAF-AFFC-AEEFACD8D75A}.Debug|Any CPU.ActiveCfg = Debug|Any CPU
		{948E078C-AD87-4BAF-AFFC-AEEFACD8D75A}.Debug|Any CPU.Build.0 = Debug|Any CPU
		{948E078C-AD87-4BAF-AFFC-AEEFACD8D75A}.Release|Any CPU.ActiveCfg = Release|Any CPU
		{948E078C-AD87-4BAF-AFFC-AEEFACD8D75A}.Release|Any CPU.Build.0 = Release|Any CPU
		{63456A81-9E75-4364-A693-B419C448197D}.Debug|Any CPU.ActiveCfg = Debug|Any CPU
		{63456A81-9E75-4364-A693-B419C448197D}.Debug|Any CPU.Build.0 = Debug|Any CPU
		{63456A81-9E75-4364-A693-B419C448197D}.Release|Any CPU.ActiveCfg = Release|Any CPU
		{63456A81-9E75-4364-A693-B419C448197D}.Release|Any CPU.Build.0 = Release|Any CPU
		{D02DFD9C-97E9-4B20-9ECD-63FC443E194C}.Debug|Any CPU.ActiveCfg = Debug|Any CPU
		{D02DFD9C-97E9-4B20-9ECD-63FC443E194C}.Debug|Any CPU.Build.0 = Debug|Any CPU
		{D02DFD9C-97E9-4B20-9ECD-63FC443E194C}.Release|Any CPU.ActiveCfg = Release|Any CPU
		{D02DFD9C-97E9-4B20-9ECD-63FC443E194C}.Release|Any CPU.Build.0 = Release|Any CPU
		{B72E8FE2-362D-4B09-B843-B28BA8A18EF3}.Debug|Any CPU.ActiveCfg = Debug|Any CPU
		{B72E8FE2-362D-4B09-B843-B28BA8A18EF3}.Debug|Any CPU.Build.0 = Debug|Any CPU
		{B72E8FE2-362D-4B09-B843-B28BA8A18EF3}.Release|Any CPU.ActiveCfg = Release|Any CPU
		{B72E8FE2-362D-4B09-B843-B28BA8A18EF3}.Release|Any CPU.Build.0 = Release|Any CPU
		{F9AD4623-F45A-4D6D-8631-CCD784899E1B}.Debug|Any CPU.ActiveCfg = Debug|Any CPU
		{F9AD4623-F45A-4D6D-8631-CCD784899E1B}.Debug|Any CPU.Build.0 = Debug|Any CPU
		{F9AD4623-F45A-4D6D-8631-CCD784899E1B}.Release|Any CPU.ActiveCfg = Release|Any CPU
		{F9AD4623-F45A-4D6D-8631-CCD784899E1B}.Release|Any CPU.Build.0 = Release|Any CPU
		{F9673BBC-C6A7-4F62-9795-618FDEF05062}.Debug|Any CPU.ActiveCfg = Debug|Any CPU
		{F9673BBC-C6A7-4F62-9795-618FDEF05062}.Debug|Any CPU.Build.0 = Debug|Any CPU
		{F9673BBC-C6A7-4F62-9795-618FDEF05062}.Release|Any CPU.ActiveCfg = Release|Any CPU
		{F9673BBC-C6A7-4F62-9795-618FDEF05062}.Release|Any CPU.Build.0 = Release|Any CPU
		{85B6C515-8D6B-4088-9A32-9FB1C5906B75}.Debug|Any CPU.ActiveCfg = Debug|Any CPU
		{85B6C515-8D6B-4088-9A32-9FB1C5906B75}.Debug|Any CPU.Build.0 = Debug|Any CPU
		{85B6C515-8D6B-4088-9A32-9FB1C5906B75}.Release|Any CPU.ActiveCfg = Release|Any CPU
		{85B6C515-8D6B-4088-9A32-9FB1C5906B75}.Release|Any CPU.Build.0 = Release|Any CPU
		{9D8D7B07-01AA-4899-AA9F-EF83B301BB62}.Debug|Any CPU.ActiveCfg = Debug|Any CPU
		{9D8D7B07-01AA-4899-AA9F-EF83B301BB62}.Debug|Any CPU.Build.0 = Debug|Any CPU
		{9D8D7B07-01AA-4899-AA9F-EF83B301BB62}.Release|Any CPU.ActiveCfg = Release|Any CPU
		{9D8D7B07-01AA-4899-AA9F-EF83B301BB62}.Release|Any CPU.Build.0 = Release|Any CPU
		{699C0536-C6B9-4349-BD90-A84180073AFC}.Debug|Any CPU.ActiveCfg = Debug|Any CPU
		{699C0536-C6B9-4349-BD90-A84180073AFC}.Debug|Any CPU.Build.0 = Debug|Any CPU
		{699C0536-C6B9-4349-BD90-A84180073AFC}.Release|Any CPU.ActiveCfg = Release|Any CPU
		{699C0536-C6B9-4349-BD90-A84180073AFC}.Release|Any CPU.Build.0 = Release|Any CPU
	EndGlobalSection
	GlobalSection(SolutionProperties) = preSolution
		HideSolutionNode = FALSE
	EndGlobalSection
	GlobalSection(NestedProjects) = preSolution
		{EC6103E4-3EC7-4C6A-8F87-5B1CC216E451} = {9D3D7EC0-D034-4087-BE3B-8AB186E1094B}
		{641E0B1B-F969-473D-B5D3-339FDACFB059} = {07DA98CD-DA42-4CD3-942F-F82A883A9AC2}
		{B9F2FB90-C7BA-43FA-A494-64CD907EA3D8} = {07DA98CD-DA42-4CD3-942F-F82A883A9AC2}
		{6BAA5A06-F4F9-42A0-9DE9-D8A85C725143} = {7EB5AB9A-243C-4EE3-A9B5-3116D45DADD3}
		{8713B3B7-1354-43CC-96F6-CB01FA82D6B4} = {7EB5AB9A-243C-4EE3-A9B5-3116D45DADD3}
		{948E078C-AD87-4BAF-AFFC-AEEFACD8D75A} = {07ABDC2B-A03A-414B-813A-D595683F2FE2}
		{63456A81-9E75-4364-A693-B419C448197D} = {07ABDC2B-A03A-414B-813A-D595683F2FE2}
		{D02DFD9C-97E9-4B20-9ECD-63FC443E194C} = {5AD07E58-6AC2-41A1-A2D3-0C40047AFF3F}
		{B72E8FE2-362D-4B09-B843-B28BA8A18EF3} = {5AD07E58-6AC2-41A1-A2D3-0C40047AFF3F}
		{F9AD4623-F45A-4D6D-8631-CCD784899E1B} = {1DA83FA8-E224-4A8A-9568-BF8B3703B229}
		{F9673BBC-C6A7-4F62-9795-618FDEF05062} = {1DA83FA8-E224-4A8A-9568-BF8B3703B229}
		{85B6C515-8D6B-4088-9A32-9FB1C5906B75} = {FFC3F6D7-57C6-4D56-833C-E1A4CB29383D}
		{9D8D7B07-01AA-4899-AA9F-EF83B301BB62} = {FFC3F6D7-57C6-4D56-833C-E1A4CB29383D}
		{699C0536-C6B9-4349-BD90-A84180073AFC} = {5AD07E58-6AC2-41A1-A2D3-0C40047AFF3F}
	EndGlobalSection
	GlobalSection(ExtensibilityGlobals) = postSolution
		SolutionGuid = {EF5B9D6A-A567-4E38-BB28-5F7C23F24C25}
	EndGlobalSection
EndGlobal
